
Microsoft Visual Studio Solution File, Format Version 12.00
# Visual Studio 15
VisualStudioVersion = 15.0.26430.13
MinimumVisualStudioVersion = 10.0.40219.1
Project("{FAE04EC0-301F-11D3-BF4B-00C04F79EFBC}") = "NETCore.MailKit", "NETCore.MailKit\NETCore.MailKit.csproj", "{05B60CE6-E391-4625-8AF0-158A826243EC}"
EndProject
Global
	GlobalSection(SolutionConfigurationPlatforms) = preSolution
		Debug|Any CPU = Debug|Any CPU
		Release|Any CPU = Release|Any CPU
	EndGlobalSection
	GlobalSection(ProjectConfigurationPlatforms) = postSolution
		{05B60CE6-E391-4625-8AF0-158A826243EC}.Debug|Any CPU.ActiveCfg = Debug|Any CPU
		{05B60CE6-E391-4625-8AF0-158A826243EC}.Debug|Any CPU.Build.0 = Debug|Any CPU
		{05B60CE6-E391-4625-8AF0-158A826243EC}.Release|Any CPU.ActiveCfg = Release|Any CPU
		{05B60CE6-E391-4625-8AF0-158A826243EC}.Release|Any CPU.Build.0 = Release|Any CPU
	EndGlobalSection
	GlobalSection(SolutionProperties) = preSolution
		HideSolutionNode = FALSE
	EndGlobalSection
EndGlobal
